# This file is autogenerated, do not edit; changes may be undone by the next 'dep ensure'.


[[projects]]
  digest = "1:e35353e6b5c1a1350832f2f5ea87f1d42d491ce519bc6e2c65d5dd6d020e2a01"
  name = "github.com/gin-contrib/sse"
  packages = ["."]
  pruneopts = ""
  revision = "54d8467d122d380a14768b6b4e5cd7ca4755938f"
  version = "v0.1.0"

[[projects]]
  digest = "1:cc706fd581dca9abe03a039281048ca80ee2de5bacc824a4b45e41d235d7ba2a"
  name = "github.com/gin-gonic/gin"
  packages = [
    ".",
    "binding",
    "internal/json",
    "render",
  ]
  pruneopts = ""
  revision = "15ced05c5316609bce5b43389f8e3f06102a8b18"
  version = "v1.5.0"

[[projects]]
  digest = "1:9b65ba1b0091274d19622cdb1f230771df68716ab9ca340c44e45597a72e290b"
  name = "github.com/go-playground/locales"
  packages = [
    ".",
    "currency",
  ]
  pruneopts = ""
  revision = "9f105231d3a5f6877a2bf8321dfa15ea6f844b1b"
  version = "v0.13.0"

[[projects]]
  digest = "1:b7edb31103e55ef4cf5f6a2b790b34f68f1209590f7f8008115ca09f1fa2a853"
  name = "github.com/go-playground/universal-translator"
  packages = ["."]
  pruneopts = ""
  revision = "f87b1403479a348651dbf5f07f5cc6e5fcf07008"
  version = "v0.17.0"

[[projects]]
  digest = "1:d225a39cf9f18b1a9c37260110640275dc360485c7b74d23abcf6730db39fc38"
  name = "github.com/go-playground/validator"
  packages = ["."]
  pruneopts = ""
  revision = "76b917f43204d9b281b57d3a2c37ab1d56b165fa"
  version = "v10.6.1"

[[projects]]
  digest = "1:019270a39e03c8ff951f6e536014c87b418bb0ad90b358929dd7d556546ea093"
  name = "github.com/golang/protobuf"
  packages = ["proto"]
  pruneopts = ""
  revision = "ae97035608a719c7a1c1c41bed0ae0744bdb0c6f"
  version = "v1.5.2"

[[projects]]
  digest = "1:b9069a3828abff64a64ccdc7fa899c3d96e88eb4bb733b68e2b2f87ba5960d1d"
  name = "github.com/json-iterator/go"
  packages = ["."]
  pruneopts = ""
  revision = "e6b9536d3649bda3e8842bb7e4fab489d79a97ea"
  version = "v1.1.11"

[[projects]]
  digest = "1:73f791239c3a1cbcca90e65968bf920fb1b997e8fcdf97266cd505b964709297"
  name = "github.com/leodido/go-urn"
  packages = ["."]
  pruneopts = ""
  revision = "6c96508144d00b380edbc8bda077e27b832d0c7b"
  version = "v1.2.1"

[[projects]]
  digest = "1:2894c65a22e0982635a516c78f77f512b666c6f08389a10ebb027a989d9baf78"
  name = "github.com/mattn/go-isatty"
  packages = ["."]
  pruneopts = ""
  revision = "8b0c6d82fa8980f9bff874afff66860a0c3e9c5c"
  version = "v0.0.13"

[[projects]]
  digest = "1:0c0ff2a89c1bb0d01887e1dac043ad7efbf3ec77482ef058ac423d13497e16fd"
  name = "github.com/modern-go/concurrent"
  packages = ["."]
  pruneopts = ""
  revision = "bacd9c7ef1dd9b15be4a9909b8ac7a4e313eec94"
  version = "1.0.3"

[[projects]]
  digest = "1:e32bdbdb7c377a07a9a46378290059822efdce5c8d96fe71940d87cb4f918855"
  name = "github.com/modern-go/reflect2"
  packages = ["."]
  pruneopts = ""
  revision = "4b7aa43c6742a2c18fdef89dd197aaae7dac7ccd"
  version = "1.0.1"

[[projects]]
  digest = "1:ae6ab486ac352d97584564189620aff7575d4ac3916b07932894a7393451a533"
  name = "github.com/ugorji/go"
  packages = ["codec"]
  pruneopts = ""
  revision = "5b6462b505850ae23ec0444474b85541c85514f6"
  version = "v1.2.6"

[[projects]]
  branch = "master"
  digest = "1:848141632c781af60b6e0e5a5e1b3b7337fc6b18077431f311cf7fab5b834f64"
  name = "golang.org/x/crypto"
  packages = ["sha3"]
  pruneopts = ""
  revision = "c07d793c2f9aacf728fe68cbd7acd73adbd04159"

[[projects]]
  branch = "master"
  digest = "1:b4075e14b6bfab2ca011e83279ab8984ae340967b4fd6e5ef3bb5b400c387652"
  name = "golang.org/x/sys"
  packages = [
    "cpu",
    "internal/unsafeheader",
    "unix",
  ]
  pruneopts = ""
  revision = "e2b7044e8c71f792bd8e9e8d249139992f81344a"

[[projects]]
  digest = "1:fbf4ce886fca533792ff7aa7be5df3f473dd2e6d0fdebcf0b78df8fd6f666d50"
  name = "golang.org/x/text"
  packages = [
    "internal/gen",
    "internal/language",
    "internal/language/compact",
    "internal/tag",
    "language",
    "unicode/cldr",
  ]
  pruneopts = ""
  revision = "e328d63cff14134669501e0e154e4f141c784322"
  version = "v0.3.6"

[[projects]]
  digest = "1:0411230c1d513425d5d96a6b193fc50e635cbabf0c27a58869c17c3c8edc67c4"
  name = "google.golang.org/protobuf"
  packages = [
    "encoding/prototext",
    "encoding/protowire",
    "internal/descfmt",
    "internal/descopts",
    "internal/detrand",
    "internal/encoding/defval",
    "internal/encoding/messageset",
    "internal/encoding/tag",
    "internal/encoding/text",
    "internal/errors",
    "internal/filedesc",
    "internal/filetype",
    "internal/flags",
    "internal/genid",
    "internal/impl",
    "internal/order",
    "internal/pragma",
    "internal/set",
    "internal/strs",
    "internal/version",
    "proto",
    "reflect/protodesc",
    "reflect/protoreflect",
    "reflect/protoregistry",
    "runtime/protoiface",
    "runtime/protoimpl",
    "types/descriptorpb",
  ]
  pruneopts = ""
  revision = "f2d1f6cbe10b90d22296ea09a7217081c2798009"
  version = "v1.26.0"

[[projects]]
  digest = "1:a4b477a58cba8512494a4cacd5c1beb61c17ac04599da9910cac40a413686449"
  name = "gopkg.in/go-playground/validator.v9"
  packages = ["."]
  pruneopts = ""
  revision = "21c910fc6d9c3556c28252b04beb17de0c2d40ec"
  version = "v9.31.0"

[[projects]]
  digest = "1:ee05f739e27c55032bf797e28915dd209b07f5b46d098cdf115cacfd3b179fe4"
  name = "gopkg.in/yaml.v2"
  packages = ["."]
  pruneopts = ""
  revision = "7649d4548cb53a614db133b2a8ac1f31859dda8c"
  version = "v2.4.0"

[solve-meta]
  analyzer-name = "dep"
  analyzer-version = 1
  input-imports = [
    "github.com/gin-gonic/gin",
    "github.com/go-playground/validator",
  ]
  solver-name = "gps-cdcl"
  solver-version = 1
