# This file is autogenerated, do not edit; changes may be undone by the next 'dep ensure'.


[[projects]]
  digest = "1:ab82edd109aae8502dd79e38b08efbed480813572f7bf712a395dc72fa2a000c"
  name = "github.com/aliyun/alibaba-cloud-sdk-go"
  packages = [
    ".",
    "sdk",
    "sdk/auth",
    "sdk/auth/credentials",
    "sdk/auth/credentials/provider",
    "sdk/auth/signers",
    "sdk/endpoints",
    "sdk/errors",
    "sdk/requests",
    "sdk/responses",
    "sdk/utils",
    "services/dysmsapi",
  ]
  pruneopts = ""
  revision = "340b971839481db3b6f46d19314d076976df1cb4"
  version = "v1.61.1164"

[[projects]]
  digest = "1:d343015fe8dc1b19195514e87a544b6a773ba63df63500dc365bcbce43f4fc94"
  name = "github.com/aws/aws-sdk-go"
  packages = [
    "aws",
    "aws/awserr",
    "aws/awsutil",
    "aws/client/metadata",
    "aws/credentials",
    "aws/endpoints",
    "aws/request",
    "aws/signer/v4",
    "internal/context",
    "internal/ini",
    "internal/sdkio",
    "internal/sdkmath",
    "internal/shareddefaults",
    "internal/strings",
    "internal/sync/singleflight",
    "private/protocol",
    "private/protocol/rest",
  ]
  pruneopts = ""
  revision = "56a221fbe3bd48a9808a4d2f2667b6a3677e5d76"
  version = "v1.38.64"

[[projects]]
  digest = "1:6098222470fe0172157ce9bbef5d2200df4edde17ee649c5d6e48330e4afa4c6"
  name = "github.com/dgrijalva/jwt-go"
  packages = ["."]
  pruneopts = ""
  revision = "06ea1031745cb8b3dab3f6a236daf2b0aa468b7e"
  version = "v3.2.0"

[[projects]]
  digest = "1:e35353e6b5c1a1350832f2f5ea87f1d42d491ce519bc6e2c65d5dd6d020e2a01"
  name = "github.com/gin-contrib/sse"
  packages = ["."]
  pruneopts = ""
  revision = "54d8467d122d380a14768b6b4e5cd7ca4755938f"
  version = "v0.1.0"

[[projects]]
  digest = "1:cc706fd581dca9abe03a039281048ca80ee2de5bacc824a4b45e41d235d7ba2a"
  name = "github.com/gin-gonic/gin"
  packages = [
    ".",
    "binding",
    "internal/json",
    "render",
  ]
  pruneopts = ""
  revision = "15ced05c5316609bce5b43389f8e3f06102a8b18"
  version = "v1.5.0"

[[projects]]
  digest = "1:9b65ba1b0091274d19622cdb1f230771df68716ab9ca340c44e45597a72e290b"
  name = "github.com/go-playground/locales"
  packages = [
    ".",
    "currency",
  ]
  pruneopts = ""
  revision = "9f105231d3a5f6877a2bf8321dfa15ea6f844b1b"
  version = "v0.13.0"

[[projects]]
  digest = "1:b7edb31103e55ef4cf5f6a2b790b34f68f1209590f7f8008115ca09f1fa2a853"
  name = "github.com/go-playground/universal-translator"
  packages = ["."]
  pruneopts = ""
  revision = "f87b1403479a348651dbf5f07f5cc6e5fcf07008"
  version = "v0.17.0"

[[projects]]
  digest = "1:d225a39cf9f18b1a9c37260110640275dc360485c7b74d23abcf6730db39fc38"
  name = "github.com/go-playground/validator"
  packages = ["."]
  pruneopts = ""
  revision = "76b917f43204d9b281b57d3a2c37ab1d56b165fa"
  version = "v10.6.1"

[[projects]]
  digest = "1:f1ded175282abf4838d1aa6705e8e50f4e64676615604e12f8660d5ba7312785"
  name = "github.com/go-redis/redis"
  packages = [
    ".",
    "internal",
    "internal/consistenthash",
    "internal/hashtag",
    "internal/pool",
    "internal/proto",
    "internal/util",
  ]
  pruneopts = ""
  revision = "16ab0f2ac309166bfef5cde51742f84c61c1e73c"
  version = "v6.15.9"

[[projects]]
  digest = "1:76a34ccf83d2e322e57c1492a52703190496932a3bf0af80397a46af4313c8e6"
  name = "github.com/go-sql-driver/mysql"
  packages = ["."]
  pruneopts = ""
  revision = "bcc459a906419e2890a50fc2c99ea6dd927a88f2"
  version = "v1.6.0"

[[projects]]
  digest = "1:a01080d20c45c031c13f3828c56e58f4f51d926a482ad10cc0316225097eb7ea"
  name = "github.com/go-stack/stack"
  packages = ["."]
  pruneopts = ""
  revision = "2fee6af1a9795aafbe0253a0cfbdf668e1fb8a9a"
  version = "v1.8.0"

[[projects]]
  digest = "1:019270a39e03c8ff951f6e536014c87b418bb0ad90b358929dd7d556546ea093"
  name = "github.com/golang/protobuf"
  packages = ["proto"]
  pruneopts = ""
  revision = "ae97035608a719c7a1c1c41bed0ae0744bdb0c6f"
  version = "v1.5.2"

[[projects]]
  digest = "1:346ac7ba276c19afdc04c620409cd400d60c2cdfe0174745aa0af41e3f3915db"
  name = "github.com/golang/snappy"
  packages = ["."]
  pruneopts = ""
  revision = "674baa8c7fc30da5df3074a459494a7e6b427dff"
  version = "v0.0.3"

[[projects]]
  digest = "1:13fe471d0ed891e8544eddfeeb0471fd3c9f2015609a1c000aefdedf52a19d40"
  name = "github.com/jmespath/go-jmespath"
  packages = ["."]
  pruneopts = ""
  revision = "c2b33e84"

[[projects]]
  digest = "1:d648c9960acdb0863f4e2ef7c650ba270862d210986b449009a35978e47348fd"
  name = "github.com/jmoiron/sqlx"
  packages = [
    ".",
    "reflectx",
  ]
  pruneopts = ""
  revision = "92bfa368c21aafd33626444a47b2f99be2432623"
  version = "v1.3.4"

[[projects]]
  digest = "1:b9069a3828abff64a64ccdc7fa899c3d96e88eb4bb733b68e2b2f87ba5960d1d"
  name = "github.com/json-iterator/go"
  packages = ["."]
  pruneopts = ""
  revision = "e6b9536d3649bda3e8842bb7e4fab489d79a97ea"
  version = "v1.1.11"

[[projects]]
  digest = "1:fa1c1ee333121d0aa197589a525813b68b4f3fb6ac549ca8c2f0a3742ad0e5d8"
  name = "github.com/klauspost/compress"
  packages = [
    "fse",
    "huff0",
    "zstd",
    "zstd/internal/xxhash",
  ]
  pruneopts = ""
  revision = "5453ad3645a8c3a61091d6508d3d0e32ad950b79"
  version = "v1.13.1"

[[projects]]
  digest = "1:73f791239c3a1cbcca90e65968bf920fb1b997e8fcdf97266cd505b964709297"
  name = "github.com/leodido/go-urn"
  packages = ["."]
  pruneopts = ""
  revision = "6c96508144d00b380edbc8bda077e27b832d0c7b"
  version = "v1.2.1"

[[projects]]
  digest = "1:2894c65a22e0982635a516c78f77f512b666c6f08389a10ebb027a989d9baf78"
  name = "github.com/mattn/go-isatty"
  packages = ["."]
  pruneopts = ""
  revision = "8b0c6d82fa8980f9bff874afff66860a0c3e9c5c"
  version = "v0.0.13"

[[projects]]
  digest = "1:0c0ff2a89c1bb0d01887e1dac043ad7efbf3ec77482ef058ac423d13497e16fd"
  name = "github.com/modern-go/concurrent"
  packages = ["."]
  pruneopts = ""
  revision = "bacd9c7ef1dd9b15be4a9909b8ac7a4e313eec94"
  version = "1.0.3"

[[projects]]
  digest = "1:e32bdbdb7c377a07a9a46378290059822efdce5c8d96fe71940d87cb4f918855"
  name = "github.com/modern-go/reflect2"
  packages = ["."]
  pruneopts = ""
  revision = "4b7aa43c6742a2c18fdef89dd197aaae7dac7ccd"
  version = "1.0.1"

[[projects]]
  digest = "1:4c0404dc03d974acd5fcd8b8d3ce687b13bd169db032b89275e8b9d77b98ce8c"
  name = "github.com/patrickmn/go-cache"
  packages = ["."]
  pruneopts = ""
  revision = "a3647f8e31d79543b2d0f0ae2fe5c379d72cedc0"
  version = "v2.1.0"

[[projects]]
  digest = "1:c45802472e0c06928cd997661f2af610accd85217023b1d5f6331bebce0671d3"
  name = "github.com/pkg/errors"
  packages = ["."]
  pruneopts = ""
  revision = "614d223910a179a466c1767a985424175c39b465"
  version = "v0.9.1"

[[projects]]
  digest = "1:7f569d906bdd20d906b606415b7d794f798f91a62fcfb6a4daa6d50690fb7a3f"
  name = "github.com/satori/go.uuid"
  packages = ["."]
  pruneopts = ""
  revision = "f58768cc1a7a7e77a3bd49e98cdd21419399b6a3"
  version = "v1.2.0"

[[projects]]
  digest = "1:ae6ab486ac352d97584564189620aff7575d4ac3916b07932894a7393451a533"
  name = "github.com/ugorji/go"
  packages = ["codec"]
  pruneopts = ""
  revision = "5b6462b505850ae23ec0444474b85541c85514f6"
  version = "v1.2.6"

[[projects]]
  digest = "1:e3c192bbd32961c2aa86ac067d695fda6dcaa27c14d5b334ba5e1e8e1caf0d02"
  name = "github.com/xdg-go/pbkdf2"
  packages = ["."]
  pruneopts = ""
  revision = "7f452ef1dac88350356f1bb84a23748205e64b96"
  version = "v1.0.0"

[[projects]]
  digest = "1:c690666fc473c441d92d0765c1f773825b34086d1148e357e7b5ea8ae0925e8c"
  name = "github.com/xdg-go/scram"
  packages = ["."]
  pruneopts = ""
  revision = "2ad501880a7f7bcc9af290278baa3658c9a2f2cd"
  version = "v1.0.2"

[[projects]]
  digest = "1:371e44514be249a0554857dbed1f36f0632a3c95703c2287215eb951ffd27ff7"
  name = "github.com/xdg-go/stringprep"
  packages = ["."]
  pruneopts = ""
  revision = "4fcaaf19bc2a8e388ba275a82eb34c29abcd0bc9"
  version = "v1.0.2"

[[projects]]
  digest = "1:96a6e88dae5c6c3e9540fa4069a7112427de946ed7f6ecec851ecb425a585aeb"
  name = "github.com/youmark/pkcs8"
  packages = ["."]
  pruneopts = ""
  revision = "1be2e3e5546da8a58903ff4adcfab015022538ea"
  version = "v1.1"

[[projects]]
  digest = "1:687fa33d7ab8fad02d388f45433f0406f8faf6c58380158bc35ee769937d51ce"
  name = "go.mongodb.org/mongo-driver"
  packages = [
    "bson",
    "bson/bsoncodec",
    "bson/bsonoptions",
    "bson/bsonrw",
    "bson/bsontype",
    "bson/primitive",
    "event",
    "internal",
    "mongo",
    "mongo/address",
    "mongo/description",
    "mongo/options",
    "mongo/readconcern",
    "mongo/readpref",
    "mongo/writeconcern",
    "tag",
    "version",
    "x/bsonx",
    "x/bsonx/bsoncore",
    "x/mongo/driver",
    "x/mongo/driver/auth",
    "x/mongo/driver/auth/internal/gssapi",
    "x/mongo/driver/connstring",
    "x/mongo/driver/dns",
    "x/mongo/driver/mongocrypt",
    "x/mongo/driver/mongocrypt/options",
    "x/mongo/driver/ocsp",
    "x/mongo/driver/operation",
    "x/mongo/driver/session",
    "x/mongo/driver/topology",
    "x/mongo/driver/uuid",
    "x/mongo/driver/wiremessage",
  ]
  pruneopts = ""
  revision = "2f0d7d15171a00a42deac6d06f8b5e1a29c809a0"
  version = "v1.5.3"

[[projects]]
  branch = "master"
  digest = "1:848141632c781af60b6e0e5a5e1b3b7337fc6b18077431f311cf7fab5b834f64"
  name = "golang.org/x/crypto"
  packages = [
    "bcrypt",
    "blowfish",
    "ocsp",
    "pbkdf2",
    "sha3",
  ]
  pruneopts = ""
  revision = "c07d793c2f9aacf728fe68cbd7acd73adbd04159"

[[projects]]
  branch = "master"
  digest = "1:23b5a4f402f3629fb94197b313a95e90f091fb8caeec91d7eb380d1da3fd702a"
  name = "golang.org/x/sync"
  packages = [
    "errgroup",
    "semaphore",
  ]
  pruneopts = ""
  revision = "036812b2e83c0ddf193dd5a34e034151da389d09"

[[projects]]
  branch = "master"
  digest = "1:b4075e14b6bfab2ca011e83279ab8984ae340967b4fd6e5ef3bb5b400c387652"
  name = "golang.org/x/sys"
  packages = [
    "cpu",
    "internal/unsafeheader",
    "unix",
  ]
  pruneopts = ""
  revision = "e2b7044e8c71f792bd8e9e8d249139992f81344a"

[[projects]]
  digest = "1:fbf4ce886fca533792ff7aa7be5df3f473dd2e6d0fdebcf0b78df8fd6f666d50"
  name = "golang.org/x/text"
  packages = [
    "internal/gen",
    "internal/language",
    "internal/language/compact",
    "internal/tag",
    "internal/triegen",
    "internal/ucd",
    "language",
    "transform",
    "unicode/cldr",
    "unicode/norm",
  ]
  pruneopts = ""
  revision = "e328d63cff14134669501e0e154e4f141c784322"
  version = "v0.3.6"

[[projects]]
  digest = "1:0411230c1d513425d5d96a6b193fc50e635cbabf0c27a58869c17c3c8edc67c4"
  name = "google.golang.org/protobuf"
  packages = [
    "encoding/prototext",
    "encoding/protowire",
    "internal/descfmt",
    "internal/descopts",
    "internal/detrand",
    "internal/encoding/defval",
    "internal/encoding/messageset",
    "internal/encoding/tag",
    "internal/encoding/text",
    "internal/errors",
    "internal/filedesc",
    "internal/filetype",
    "internal/flags",
    "internal/genid",
    "internal/impl",
    "internal/order",
    "internal/pragma",
    "internal/set",
    "internal/strs",
    "internal/version",
    "proto",
    "reflect/protodesc",
    "reflect/protoreflect",
    "reflect/protoregistry",
    "runtime/protoiface",
    "runtime/protoimpl",
    "types/descriptorpb",
  ]
  pruneopts = ""
  revision = "f2d1f6cbe10b90d22296ea09a7217081c2798009"
  version = "v1.26.0"

[[projects]]
  digest = "1:a4b477a58cba8512494a4cacd5c1beb61c17ac04599da9910cac40a413686449"
  name = "gopkg.in/go-playground/validator.v9"
  packages = ["."]
  pruneopts = ""
  revision = "21c910fc6d9c3556c28252b04beb17de0c2d40ec"
  version = "v9.31.0"

[[projects]]
  digest = "1:c10363c8377ccc6b0d417ba20c037e4bd2fbb5a6e4879873606595804cc22ec6"
  name = "gopkg.in/ini.v1"
  packages = ["."]
  pruneopts = ""
  revision = "5e97220809ffaa826f787728501264e9114cb834"
  version = "v1.62.0"

[[projects]]
  digest = "1:ee05f739e27c55032bf797e28915dd209b07f5b46d098cdf115cacfd3b179fe4"
  name = "gopkg.in/yaml.v2"
  packages = ["."]
  pruneopts = ""
  revision = "7649d4548cb53a614db133b2a8ac1f31859dda8c"
  version = "v2.4.0"

[solve-meta]
  analyzer-name = "dep"
  analyzer-version = 1
  input-imports = [
    "github.com/aliyun/alibaba-cloud-sdk-go",
    "github.com/aliyun/alibaba-cloud-sdk-go/services/dysmsapi",
    "github.com/dgrijalva/jwt-go",
    "github.com/gin-gonic/gin",
    "github.com/go-playground/validator",
    "github.com/go-redis/redis",
    "github.com/go-sql-driver/mysql",
    "github.com/jmoiron/sqlx",
    "github.com/patrickmn/go-cache",
    "github.com/pkg/errors",
    "github.com/satori/go.uuid",
    "go.mongodb.org/mongo-driver/bson",
    "go.mongodb.org/mongo-driver/mongo",
    "go.mongodb.org/mongo-driver/mongo/options",
    "golang.org/x/crypto/bcrypt",
    "gopkg.in/ini.v1",
    "gopkg.in/yaml.v2",
  ]
  solver-name = "gps-cdcl"
  solver-version = 1
